
Microsoft Visual Studio Solution File, Format Version 12.00
# Visual Studio Version 17
VisualStudioVersion = 17.4.33213.308
MinimumVisualStudioVersion = 10.0.40219.1
Project("{FAE04EC0-301F-11D3-BF4B-00C04F79EFBC}") = "loggertest", "loggertest\loggertest.csproj", "{C2FC85E8-4643-4696-9878-4DA9F0E52066}"
EndProject
Global
	GlobalSection(SolutionConfigurationPlatforms) = preSolution
		Debug|Any CPU = Debug|Any CPU
		Release|Any CPU = Release|Any CPU
	EndGlobalSection
	GlobalSection(ProjectConfigurationPlatforms) = postSolution
		{C2FC85E8-4643-4696-9878-4DA9F0E52066}.Debug|Any CPU.ActiveCfg = Debug|Any CPU
		{C2FC85E8-4643-4696-9878-4DA9F0E52066}.Debug|Any CPU.Build.0 = Debug|Any CPU
		{C2FC85E8-4643-4696-9878-4DA9F0E52066}.Release|Any CPU.ActiveCfg = Release|Any CPU
		{C2FC85E8-4643-4696-9878-4DA9F0E52066}.Release|Any CPU.Build.0 = Release|Any CPU
	EndGlobalSection
	GlobalSection(SolutionProperties) = preSolution
		HideSolutionNode = FALSE
	EndGlobalSection
	GlobalSection(ExtensibilityGlobals) = postSolution
		SolutionGuid = {7126B7A9-D86A-45ED-B0F2-C53887B07DFD}
	EndGlobalSection
EndGlobal
